
Microsoft Visual Studio Solution File, Format Version 12.00
# Visual Studio Version 16
VisualStudioVersion = 16.0.30611.23
MinimumVisualStudioVersion = 10.0.40219.1
Project("{9A19103F-16F7-4668-BE54-9A1E7A4F7556}") = "dotNet5781_00_5857_1544", "dotNet5781_00_5857_1544\dotNet5781_00_5857_1544.csproj", "{C5772400-C60A-41AF-AD2B-DC65D8D20CE4}"
EndProject
Project("{9A19103F-16F7-4668-BE54-9A1E7A4F7556}") = "dotNet5781_01_5857_1544", "dotNet5781_01_5857_1544\dotNet5781_01_5857_1544.csproj", "{E5F259B9-E04F-4C8F-A39C-CBBE376A03B8}"
EndProject
Project("{9A19103F-16F7-4668-BE54-9A1E7A4F7556}") = "dotNet5781_02_5857_1544", "dotNet5781_02_5857_1544\dotNet5781_02_5857_1544.csproj", "{41E0CC52-0A86-4D9C-85EA-6BBD92C6214E}"
EndProject
Project("{9A19103F-16F7-4668-BE54-9A1E7A4F7556}") = "v1", "dotNet5781_03A_5857_1544\v1.csproj", "{D72D6819-B5B9-4FB3-8E5F-7A165702BD37}"
EndProject
Project("{FAE04EC0-301F-11D3-BF4B-00C04F79EFBC}") = "dotNet5781_03B_5857_1544", "dotNet5781_03B_5857_1544\dotNet5781_03B_5857_1544.csproj", "{33ED720E-0FF2-47BF-B54F-5F2E95DEE008}"
EndProject
Global
	GlobalSection(SolutionConfigurationPlatforms) = preSolution
		Debug|Any CPU = Debug|Any CPU
		Release|Any CPU = Release|Any CPU
	EndGlobalSection
	GlobalSection(ProjectConfigurationPlatforms) = postSolution
		{C5772400-C60A-41AF-AD2B-DC65D8D20CE4}.Debug|Any CPU.ActiveCfg = Debug|Any CPU
		{C5772400-C60A-41AF-AD2B-DC65D8D20CE4}.Debug|Any CPU.Build.0 = Debug|Any CPU
		{C5772400-C60A-41AF-AD2B-DC65D8D20CE4}.Release|Any CPU.ActiveCfg = Release|Any CPU
		{C5772400-C60A-41AF-AD2B-DC65D8D20CE4}.Release|Any CPU.Build.0 = Release|Any CPU
		{E5F259B9-E04F-4C8F-A39C-CBBE376A03B8}.Debug|Any CPU.ActiveCfg = Debug|Any CPU
		{E5F259B9-E04F-4C8F-A39C-CBBE376A03B8}.Debug|Any CPU.Build.0 = Debug|Any CPU
		{E5F259B9-E04F-4C8F-A39C-CBBE376A03B8}.Release|Any CPU.ActiveCfg = Release|Any CPU
		{E5F259B9-E04F-4C8F-A39C-CBBE376A03B8}.Release|Any CPU.Build.0 = Release|Any CPU
		{41E0CC52-0A86-4D9C-85EA-6BBD92C6214E}.Debug|Any CPU.ActiveCfg = Debug|Any CPU
		{41E0CC52-0A86-4D9C-85EA-6BBD92C6214E}.Debug|Any CPU.Build.0 = Debug|Any CPU
		{41E0CC52-0A86-4D9C-85EA-6BBD92C6214E}.Release|Any CPU.ActiveCfg = Release|Any CPU
		{41E0CC52-0A86-4D9C-85EA-6BBD92C6214E}.Release|Any CPU.Build.0 = Release|Any CPU
		{D72D6819-B5B9-4FB3-8E5F-7A165702BD37}.Debug|Any CPU.ActiveCfg = Debug|Any CPU
		{D72D6819-B5B9-4FB3-8E5F-7A165702BD37}.Debug|Any CPU.Build.0 = Debug|Any CPU
		{D72D6819-B5B9-4FB3-8E5F-7A165702BD37}.Release|Any CPU.ActiveCfg = Release|Any CPU
		{D72D6819-B5B9-4FB3-8E5F-7A165702BD37}.Release|Any CPU.Build.0 = Release|Any CPU
		{33ED720E-0FF2-47BF-B54F-5F2E95DEE008}.Debug|Any CPU.ActiveCfg = Debug|Any CPU
		{33ED720E-0FF2-47BF-B54F-5F2E95DEE008}.Debug|Any CPU.Build.0 = Debug|Any CPU
		{33ED720E-0FF2-47BF-B54F-5F2E95DEE008}.Release|Any CPU.ActiveCfg = Release|Any CPU
		{33ED720E-0FF2-47BF-B54F-5F2E95DEE008}.Release|Any CPU.Build.0 = Release|Any CPU
	EndGlobalSection
	GlobalSection(SolutionProperties) = preSolution
		HideSolutionNode = FALSE
	EndGlobalSection
	GlobalSection(ExtensibilityGlobals) = postSolution
		SolutionGuid = {43B82378-0223-4CDD-8458-7D82F6804B49}
	EndGlobalSection
EndGlobal
